
Microsoft Visual Studio Solution File, Format Version 12.00
# Visual Studio Version 17
VisualStudioVersion = 17.5.33530.505
MinimumVisualStudioVersion = 10.0.40219.1
Project("{FAE04EC0-301F-11D3-BF4B-00C04F79EFBC}") = "PeerToPeer.API", "PeerToPeer.API\PeerToPeer.API.csproj", "{DC117E1B-FFA3-4F94-A2A8-097B970E76AA}"
EndProject
Global
	GlobalSection(SolutionConfigurationPlatforms) = preSolution
		Debug|Any CPU = Debug|Any CPU
		Release|Any CPU = Release|Any CPU
	EndGlobalSection
	GlobalSection(ProjectConfigurationPlatforms) = postSolution
		{DC117E1B-FFA3-4F94-A2A8-097B970E76AA}.Debug|Any CPU.ActiveCfg = Debug|Any CPU
		{DC117E1B-FFA3-4F94-A2A8-097B970E76AA}.Debug|Any CPU.Build.0 = Debug|Any CPU
		{DC117E1B-FFA3-4F94-A2A8-097B970E76AA}.Release|Any CPU.ActiveCfg = Release|Any CPU
		{DC117E1B-FFA3-4F94-A2A8-097B970E76AA}.Release|Any CPU.Build.0 = Release|Any CPU
	EndGlobalSection
	GlobalSection(SolutionProperties) = preSolution
		HideSolutionNode = FALSE
	EndGlobalSection
	GlobalSection(ExtensibilityGlobals) = postSolution
		SolutionGuid = {43E22843-666C-47F7-9232-D021CA582F8C}
	EndGlobalSection
EndGlobal
